// !$*UTF8*$!
{
	archiveVersion = 1;
	classes = {
	};
	objectVersion = 56;
	objects = {

/* Begin PBXBuildFile section */
		3D0B1EDA2A5EDE5A0012A6F4 /* ScrumSheet.swift in Sources */ = {isa = PBXBuildFile; fileRef = 3D0B1ED92A5EDE5A0012A6F4 /* ScrumSheet.swift */; };
		3D0B1EDC2A5EE1170012A6F4 /* History.swift in Sources */ = {isa = PBXBuildFile; fileRef = 3D0B1EDB2A5EE1170012A6F4 /* History.swift */; };
		3D0B1EDE2A5EE9E90012A6F4 /* ScrumStore.swift in Sources */ = {isa = PBXBuildFile; fileRef = 3D0B1EDD2A5EE9E90012A6F4 /* ScrumStore.swift */; };
		3D2F0D922A497A7400FB68D8 /* ThemeView.swift in Sources */ = {isa = PBXBuildFile; fileRef = 3D2F0D912A497A7400FB68D8 /* ThemeView.swift */; };
		3D2F0D942A497C0500FB68D8 /* ThemePicker.swift in Sources */ = {isa = PBXBuildFile; fileRef = 3D2F0D932A497C0500FB68D8 /* ThemePicker.swift */; };
		3D2F0D962A4C883200FB68D8 /* MeetingHeaderView.swift in Sources */ = {isa = PBXBuildFile; fileRef = 3D2F0D952A4C883200FB68D8 /* MeetingHeaderView.swift */; };
		3D2F0D982A4C8A6900FB68D8 /* ScrumProgressViewStyle.swift in Sources */ = {isa = PBXBuildFile; fileRef = 3D2F0D972A4C8A6900FB68D8 /* ScrumProgressViewStyle.swift */; };
		3D2F0D9A2A4C8B3400FB68D8 /* ScrumTimer.swift in Sources */ = {isa = PBXBuildFile; fileRef = 3D2F0D992A4C8B3400FB68D8 /* ScrumTimer.swift */; };
		3D2F0D9C2A4C8C2E00FB68D8 /* MeetingFooterView.swift in Sources */ = {isa = PBXBuildFile; fileRef = 3D2F0D9B2A4C8C2E00FB68D8 /* MeetingFooterView.swift */; };
		3D2F0D9E2A4C900C00FB68D8 /* AVPlayer+Ding.swift in Sources */ = {isa = PBXBuildFile; fileRef = 3D2F0D9D2A4C900C00FB68D8 /* AVPlayer+Ding.swift */; };
		3D2F0DA12A4C908600FB68D8 /* ding.wav in Resources */ = {isa = PBXBuildFile; fileRef = 3D2F0DA02A4C908600FB68D8 /* ding.wav */; };
		3D75F76E2A402D03000A0AAE /* ScrumdingerApp.swift in Sources */ = {isa = PBXBuildFile; fileRef = 3D75F76D2A402D03000A0AAE /* ScrumdingerApp.swift */; };
		3D75F7702A402D03000A0AAE /* MeetingView.swift in Sources */ = {isa = PBXBuildFile; fileRef = 3D75F76F2A402D03000A0AAE /* MeetingView.swift */; };
		3D75F7722A402D04000A0AAE /* Assets.xcassets in Resources */ = {isa = PBXBuildFile; fileRef = 3D75F7712A402D04000A0AAE /* Assets.xcassets */; };
		3D75F7752A402D04000A0AAE /* Preview Assets.xcassets in Resources */ = {isa = PBXBuildFile; fileRef = 3D75F7742A402D04000A0AAE /* Preview Assets.xcassets */; };
		3D75F77D2A417645000A0AAE /* Theme.swift in Sources */ = {isa = PBXBuildFile; fileRef = 3D75F77C2A417645000A0AAE /* Theme.swift */; };
		3D75F77F2A41787F000A0AAE /* DaliyScrum.swift in Sources */ = {isa = PBXBuildFile; fileRef = 3D75F77E2A41787F000A0AAE /* DaliyScrum.swift */; };
		3D75F7812A417971000A0AAE /* CardView.swift in Sources */ = {isa = PBXBuildFile; fileRef = 3D75F7802A417971000A0AAE /* CardView.swift */; };
		3D75F7832A417D54000A0AAE /* TrailingIconLabelStyle.swift in Sources */ = {isa = PBXBuildFile; fileRef = 3D75F7822A417D54000A0AAE /* TrailingIconLabelStyle.swift */; };
		3D75F7852A42F2D3000A0AAE /* ScrumsView.swift in Sources */ = {isa = PBXBuildFile; fileRef = 3D75F7842A42F2D3000A0AAE /* ScrumsView.swift */; };
		3D75F7872A42F728000A0AAE /* DetailView.swift in Sources */ = {isa = PBXBuildFile; fileRef = 3D75F7862A42F728000A0AAE /* DetailView.swift */; };
		3D75F7892A4308B5000A0AAE /* DetailEditView.swift in Sources */ = {isa = PBXBuildFile; fileRef = 3D75F7882A4308B5000A0AAE /* DetailEditView.swift */; };
/* End PBXBuildFile section */

/* Begin PBXFileReference section */
		3D0B1ED92A5EDE5A0012A6F4 /* ScrumSheet.swift */ = {isa = PBXFileReference; lastKnownFileType = sourcecode.swift; path = ScrumSheet.swift; sourceTree = "<group>"; };
		3D0B1EDB2A5EE1170012A6F4 /* History.swift */ = {isa = PBXFileReference; lastKnownFileType = sourcecode.swift; path = History.swift; sourceTree = "<group>"; };
		3D0B1EDD2A5EE9E90012A6F4 /* ScrumStore.swift */ = {isa = PBXFileReference; lastKnownFileType = sourcecode.swift; path = ScrumStore.swift; sourceTree = "<group>"; };
		3D2F0D912A497A7400FB68D8 /* ThemeView.swift */ = {isa = PBXFileReference; lastKnownFileType = sourcecode.swift; path = ThemeView.swift; sourceTree = "<group>"; };
		3D2F0D932A497C0500FB68D8 /* ThemePicker.swift */ = {isa = PBXFileReference; lastKnownFileType = sourcecode.swift; path = ThemePicker.swift; sourceTree = "<group>"; };
		3D2F0D952A4C883200FB68D8 /* MeetingHeaderView.swift */ = {isa = PBXFileReference; lastKnownFileType = sourcecode.swift; path = MeetingHeaderView.swift; sourceTree = "<group>"; };
		3D2F0D972A4C8A6900FB68D8 /* ScrumProgressViewStyle.swift */ = {isa = PBXFileReference; lastKnownFileType = sourcecode.swift; path = ScrumProgressViewStyle.swift; sourceTree = "<group>"; };
		3D2F0D992A4C8B3400FB68D8 /* ScrumTimer.swift */ = {isa = PBXFileReference; lastKnownFileType = sourcecode.swift; path = ScrumTimer.swift; sourceTree = "<group>"; };
		3D2F0D9B2A4C8C2E00FB68D8 /* MeetingFooterView.swift */ = {isa = PBXFileReference; lastKnownFileType = sourcecode.swift; path = MeetingFooterView.swift; sourceTree = "<group>"; };
		3D2F0D9D2A4C900C00FB68D8 /* AVPlayer+Ding.swift */ = {isa = PBXFileReference; lastKnownFileType = sourcecode.swift; path = "AVPlayer+Ding.swift"; sourceTree = "<group>"; };
		3D2F0DA02A4C908600FB68D8 /* ding.wav */ = {isa = PBXFileReference; lastKnownFileType = audio.wav; path = ding.wav; sourceTree = "<group>"; };
		3D75F76A2A402D03000A0AAE /* Scrumdinger.app */ = {isa = PBXFileReference; explicitFileType = wrapper.application; includeInIndex = 0; path = Scrumdinger.app; sourceTree = BUILT_PRODUCTS_DIR; };
		3D75F76D2A402D03000A0AAE /* ScrumdingerApp.swift */ = {isa = PBXFileReference; lastKnownFileType = sourcecode.swift; path = ScrumdingerApp.swift; sourceTree = "<group>"; };
		3D75F76F2A402D03000A0AAE /* MeetingView.swift */ = {isa = PBXFileReference; lastKnownFileType = sourcecode.swift; path = MeetingView.swift; sourceTree = "<group>"; };
		3D75F7712A402D04000A0AAE /* Assets.xcassets */ = {isa = PBXFileReference; lastKnownFileType = folder.assetcatalog; path = Assets.xcassets; sourceTree = "<group>"; };
		3D75F7742A402D04000A0AAE /* Preview Assets.xcassets */ = {isa = PBXFileReference; lastKnownFileType = folder.assetcatalog; path = "Preview Assets.xcassets"; sourceTree = "<group>"; };
		3D75F77C2A417645000A0AAE /* Theme.swift */ = {isa = PBXFileReference; lastKnownFileType = sourcecode.swift; path = Theme.swift; sourceTree = "<group>"; };
		3D75F77E2A41787F000A0AAE /* DaliyScrum.swift */ = {isa = PBXFileReference; lastKnownFileType = sourcecode.swift; path = DaliyScrum.swift; sourceTree = "<group>"; };
		3D75F7802A417971000A0AAE /* CardView.swift */ = {isa = PBXFileReference; lastKnownFileType = sourcecode.swift; path = CardView.swift; sourceTree = "<group>"; };
		3D75F7822A417D54000A0AAE /* TrailingIconLabelStyle.swift */ = {isa = PBXFileReference; lastKnownFileType = sourcecode.swift; path = TrailingIconLabelStyle.swift; sourceTree = "<group>"; };
		3D75F7842A42F2D3000A0AAE /* ScrumsView.swift */ = {isa = PBXFileReference; lastKnownFileType = sourcecode.swift; path = ScrumsView.swift; sourceTree = "<group>"; };
		3D75F7862A42F728000A0AAE /* DetailView.swift */ = {isa = PBXFileReference; lastKnownFileType = sourcecode.swift; path = DetailView.swift; sourceTree = "<group>"; };
		3D75F7882A4308B5000A0AAE /* DetailEditView.swift */ = {isa = PBXFileReference; lastKnownFileType = sourcecode.swift; path = DetailEditView.swift; sourceTree = "<group>"; };
/* End PBXFileReference section */

/* Begin PBXFrameworksBuildPhase section */
		3D75F7672A402D03000A0AAE /* Frameworks */ = {
			isa = PBXFrameworksBuildPhase;
			buildActionMask = 2147483647;
			files = (
			);
			runOnlyForDeploymentPostprocessing = 0;
		};
/* End PBXFrameworksBuildPhase section */

/* Begin PBXGroup section */
		3D2F0D902A497A3C00FB68D8 /* Views */ = {
			isa = PBXGroup;
			children = (
				3D75F76F2A402D03000A0AAE /* MeetingView.swift */,
				3D2F0D952A4C883200FB68D8 /* MeetingHeaderView.swift */,
				3D2F0D972A4C8A6900FB68D8 /* ScrumProgressViewStyle.swift */,
				3D75F7802A417971000A0AAE /* CardView.swift */,
				3D75F7882A4308B5000A0AAE /* DetailEditView.swift */,
				3D75F7842A42F2D3000A0AAE /* ScrumsView.swift */,
				3D75F7822A417D54000A0AAE /* TrailingIconLabelStyle.swift */,
				3D75F7862A42F728000A0AAE /* DetailView.swift */,
				3D2F0D912A497A7400FB68D8 /* ThemeView.swift */,
				3D2F0D932A497C0500FB68D8 /* ThemePicker.swift */,
				3D2F0D9B2A4C8C2E00FB68D8 /* MeetingFooterView.swift */,
				3D0B1ED92A5EDE5A0012A6F4 /* ScrumSheet.swift */,
			);
			path = Views;
			sourceTree = "<group>";
		};
		3D2F0D9F2A4C907200FB68D8 /* Resources */ = {
			isa = PBXGroup;
			children = (
				3D2F0DA02A4C908600FB68D8 /* ding.wav */,
			);
			path = Resources;
			sourceTree = "<group>";
		};
		3D75F7612A402D03000A0AAE = {
			isa = PBXGroup;
			children = (
				3D75F76C2A402D03000A0AAE /* Scrumdinger */,
				3D75F76B2A402D03000A0AAE /* Products */,
			);
			sourceTree = "<group>";
		};
		3D75F76B2A402D03000A0AAE /* Products */ = {
			isa = PBXGroup;
			children = (
				3D75F76A2A402D03000A0AAE /* Scrumdinger.app */,
			);
			name = Products;
			sourceTree = "<group>";
		};
		3D75F76C2A402D03000A0AAE /* Scrumdinger */ = {
			isa = PBXGroup;
			children = (
				3D75F76D2A402D03000A0AAE /* ScrumdingerApp.swift */,
				3D2F0D902A497A3C00FB68D8 /* Views */,
				3D75F77B2A417623000A0AAE /* Models */,
				3D2F0D9F2A4C907200FB68D8 /* Resources */,
				3D75F7712A402D04000A0AAE /* Assets.xcassets */,
				3D75F7732A402D04000A0AAE /* Preview Content */,
			);
			path = Scrumdinger;
			sourceTree = "<group>";
		};
		3D75F7732A402D04000A0AAE /* Preview Content */ = {
			isa = PBXGroup;
			children = (
				3D75F7742A402D04000A0AAE /* Preview Assets.xcassets */,
			);
			path = "Preview Content";
			sourceTree = "<group>";
		};
		3D75F77B2A417623000A0AAE /* Models */ = {
			isa = PBXGroup;
			children = (
				3D2F0D9D2A4C900C00FB68D8 /* AVPlayer+Ding.swift */,
				3D75F77C2A417645000A0AAE /* Theme.swift */,
				3D75F77E2A41787F000A0AAE /* DaliyScrum.swift */,
				3D2F0D992A4C8B3400FB68D8 /* ScrumTimer.swift */,
				3D0B1EDB2A5EE1170012A6F4 /* History.swift */,
				3D0B1EDD2A5EE9E90012A6F4 /* ScrumStore.swift */,
			);
			path = Models;
			sourceTree = "<group>";
		};
/* End PBXGroup section */

/* Begin PBXNativeTarget section */
		3D75F7692A402D03000A0AAE /* Scrumdinger */ = {
			isa = PBXNativeTarget;
			buildConfigurationList = 3D75F7782A402D04000A0AAE /* Build configuration list for PBXNativeTarget "Scrumdinger" */;
			buildPhases = (
				3D75F7662A402D03000A0AAE /* Sources */,
				3D75F7672A402D03000A0AAE /* Frameworks */,
				3D75F7682A402D03000A0AAE /* Resources */,
			);
			buildRules = (
			);
			dependencies = (
			);
			name = Scrumdinger;
			productName = Scrumdinger;
			productReference = 3D75F76A2A402D03000A0AAE /* Scrumdinger.app */;
			productType = "com.apple.product-type.application";
		};
/* End PBXNativeTarget section */

/* Begin PBXProject section */
		3D75F7622A402D03000A0AAE /* Project object */ = {
			isa = PBXProject;
			attributes = {
				BuildIndependentTargetsInParallel = 1;
				LastSwiftUpdateCheck = 1430;
				LastUpgradeCheck = 1430;
				TargetAttributes = {
					3D75F7692A402D03000A0AAE = {
						CreatedOnToolsVersion = 14.3;
					};
				};
			};
			buildConfigurationList = 3D75F7652A402D03000A0AAE /* Build configuration list for PBXProject "Scrumdinger" */;
			compatibilityVersion = "Xcode 14.0";
			developmentRegion = en;
			hasScannedForEncodings = 0;
			knownRegions = (
				en,
				Base,
			);
			mainGroup = 3D75F7612A402D03000A0AAE;
			productRefGroup = 3D75F76B2A402D03000A0AAE /* Products */;
			projectDirPath = "";
			projectRoot = "";
			targets = (
				3D75F7692A402D03000A0AAE /* Scrumdinger */,
			);
		};
/* End PBXProject section */

/* Begin PBXResourcesBuildPhase section */
		3D75F7682A402D03000A0AAE /* Resources */ = {
			isa = PBXResourcesBuildPhase;
			buildActionMask = 2147483647;
			files = (
				3D2F0DA12A4C908600FB68D8 /* ding.wav in Resources */,
				3D75F7752A402D04000A0AAE /* Preview Assets.xcassets in Resources */,
				3D75F7722A402D04000A0AAE /* Assets.xcassets in Resources */,
			);
			runOnlyForDeploymentPostprocessing = 0;
		};
/* End PBXResourcesBuildPhase section */

/* Begin PBXSourcesBuildPhase section */
		3D75F7662A402D03000A0AAE /* Sources */ = {
			isa = PBXSourcesBuildPhase;
			buildActionMask = 2147483647;
			files = (
				3D0B1EDC2A5EE1170012A6F4 /* History.swift in Sources */,
				3D2F0D942A497C0500FB68D8 /* ThemePicker.swift in Sources */,
				3D2F0D982A4C8A6900FB68D8 /* ScrumProgressViewStyle.swift in Sources */,
				3D2F0D9C2A4C8C2E00FB68D8 /* MeetingFooterView.swift in Sources */,
				3D2F0D9A2A4C8B3400FB68D8 /* ScrumTimer.swift in Sources */,
				3D75F77F2A41787F000A0AAE /* DaliyScrum.swift in Sources */,
				3D0B1EDE2A5EE9E90012A6F4 /* ScrumStore.swift in Sources */,
				3D75F7872A42F728000A0AAE /* DetailView.swift in Sources */,
				3D2F0D962A4C883200FB68D8 /* MeetingHeaderView.swift in Sources */,
				3D75F7892A4308B5000A0AAE /* DetailEditView.swift in Sources */,
				3D75F7832A417D54000A0AAE /* TrailingIconLabelStyle.swift in Sources */,
				3D75F77D2A417645000A0AAE /* Theme.swift in Sources */,
				3D75F7852A42F2D3000A0AAE /* ScrumsView.swift in Sources */,
				3D75F7702A402D03000A0AAE /* MeetingView.swift in Sources */,
				3D75F76E2A402D03000A0AAE /* ScrumdingerApp.swift in Sources */,
				3D0B1EDA2A5EDE5A0012A6F4 /* ScrumSheet.swift in Sources */,
				3D2F0D922A497A7400FB68D8 /* ThemeView.swift in Sources */,
				3D75F7812A417971000A0AAE /* CardView.swift in Sources */,
				3D2F0D9E2A4C900C00FB68D8 /* AVPlayer+Ding.swift in Sources */,
			);
			runOnlyForDeploymentPostprocessing = 0;
		};
/* End PBXSourcesBuildPhase section */

/* Begin XCBuildConfiguration section */
		3D75F7762A402D04000A0AAE /* Debug */ = {
			isa = XCBuildConfiguration;
			buildSettings = {
				ALWAYS_SEARCH_USER_PATHS = NO;
				CLANG_ANALYZER_NONNULL = YES;
				CLANG_ANALYZER_NUMBER_OBJECT_CONVERSION = YES_AGGRESSIVE;
				CLANG_CXX_LANGUAGE_STANDARD = "gnu++20";
				CLANG_ENABLE_MODULES = YES;
				CLANG_ENABLE_OBJC_ARC = YES;
				CLANG_ENABLE_OBJC_WEAK = YES;
				CLANG_WARN_BLOCK_CAPTURE_AUTORELEASING = YES;
				CLANG_WARN_BOOL_CONVERSION = YES;
				CLANG_WARN_COMMA = YES;
				CLANG_WARN_CONSTANT_CONVERSION = YES;
				CLANG_WARN_DEPRECATED_OBJC_IMPLEMENTATIONS = YES;
				CLANG_WARN_DIRECT_OBJC_ISA_USAGE = YES_ERROR;
				CLANG_WARN_DOCUMENTATION_COMMENTS = YES;
				CLANG_WARN_EMPTY_BODY = YES;
				CLANG_WARN_ENUM_CONVERSION = YES;
				CLANG_WARN_INFINITE_RECURSION = YES;
				CLANG_WARN_INT_CONVERSION = YES;
				CLANG_WARN_NON_LITERAL_NULL_CONVERSION = YES;
				CLANG_WARN_OBJC_IMPLICIT_RETAIN_SELF = YES;
				CLANG_WARN_OBJC_LITERAL_CONVERSION = YES;
				CLANG_WARN_OBJC_ROOT_CLASS = YES_ERROR;
				CLANG_WARN_QUOTED_INCLUDE_IN_FRAMEWORK_HEADER = YES;
				CLANG_WARN_RANGE_LOOP_ANALYSIS = YES;
				CLANG_WARN_STRICT_PROTOTYPES = YES;
				CLANG_WARN_SUSPICIOUS_MOVE = YES;
				CLANG_WARN_UNGUARDED_AVAILABILITY = YES_AGGRESSIVE;
				CLANG_WARN_UNREACHABLE_CODE = YES;
				CLANG_WARN__DUPLICATE_METHOD_MATCH = YES;
				COPY_PHASE_STRIP = NO;
				DEBUG_INFORMATION_FORMAT = dwarf;
				ENABLE_STRICT_OBJC_MSGSEND = YES;
				ENABLE_TESTABILITY = YES;
				GCC_C_LANGUAGE_STANDARD = gnu11;
				GCC_DYNAMIC_NO_PIC = NO;
				GCC_NO_COMMON_BLOCKS = YES;
				GCC_OPTIMIZATION_LEVEL = 0;
				GCC_PREPROCESSOR_DEFINITIONS = (
					"DEBUG=1",
					"$(inherited)",
				);
				GCC_WARN_64_TO_32_BIT_CONVERSION = YES;
				GCC_WARN_ABOUT_RETURN_TYPE = YES_ERROR;
				GCC_WARN_UNDECLARED_SELECTOR = YES;
				GCC_WARN_UNINITIALIZED_AUTOS = YES_AGGRESSIVE;
				GCC_WARN_UNUSED_FUNCTION = YES;
				GCC_WARN_UNUSED_VARIABLE = YES;
				IPHONEOS_DEPLOYMENT_TARGET = 16.4;
				MTL_ENABLE_DEBUG_INFO = INCLUDE_SOURCE;
				MTL_FAST_MATH = YES;
				ONLY_ACTIVE_ARCH = YES;
				SDKROOT = iphoneos;
				SWIFT_ACTIVE_COMPILATION_CONDITIONS = DEBUG;
				SWIFT_OPTIMIZATION_LEVEL = "-Onone";
			};
			name = Debug;
		};
		3D75F7772A402D04000A0AAE /* Release */ = {
			isa = XCBuildConfiguration;
			buildSettings = {
				ALWAYS_SEARCH_USER_PATHS = NO;
				CLANG_ANALYZER_NONNULL = YES;
				CLANG_ANALYZER_NUMBER_OBJECT_CONVERSION = YES_AGGRESSIVE;
				CLANG_CXX_LANGUAGE_STANDARD = "gnu++20";
				CLANG_ENABLE_MODULES = YES;
				CLANG_ENABLE_OBJC_ARC = YES;
				CLANG_ENABLE_OBJC_WEAK = YES;
				CLANG_WARN_BLOCK_CAPTURE_AUTORELEASING = YES;
				CLANG_WARN_BOOL_CONVERSION = YES;
				CLANG_WARN_COMMA = YES;
				CLANG_WARN_CONSTANT_CONVERSION = YES;
				CLANG_WARN_DEPRECATED_OBJC_IMPLEMENTATIONS = YES;
				CLANG_WARN_DIRECT_OBJC_ISA_USAGE = YES_ERROR;
				CLANG_WARN_DOCUMENTATION_COMMENTS = YES;
				CLANG_WARN_EMPTY_BODY = YES;
				CLANG_WARN_ENUM_CONVERSION = YES;
				CLANG_WARN_INFINITE_RECURSION = YES;
				CLANG_WARN_INT_CONVERSION = YES;
				CLANG_WARN_NON_LITERAL_NULL_CONVERSION = YES;
				CLANG_WARN_OBJC_IMPLICIT_RETAIN_SELF = YES;
				CLANG_WARN_OBJC_LITERAL_CONVERSION = YES;
				CLANG_WARN_OBJC_ROOT_CLASS = YES_ERROR;
				CLANG_WARN_QUOTED_INCLUDE_IN_FRAMEWORK_HEADER = YES;
				CLANG_WARN_RANGE_LOOP_ANALYSIS = YES;
				CLANG_WARN_STRICT_PROTOTYPES = YES;
				CLANG_WARN_SUSPICIOUS_MOVE = YES;
				CLANG_WARN_UNGUARDED_AVAILABILITY = YES_AGGRESSIVE;
				CLANG_WARN_UNREACHABLE_CODE = YES;
				CLANG_WARN__DUPLICATE_METHOD_MATCH = YES;
				COPY_PHASE_STRIP = NO;
				DEBUG_INFORMATION_FORMAT = "dwarf-with-dsym";
				ENABLE_NS_ASSERTIONS = NO;
				ENABLE_STRICT_OBJC_MSGSEND = YES;
				GCC_C_LANGUAGE_STANDARD = gnu11;
				GCC_NO_COMMON_BLOCKS = YES;
				GCC_WARN_64_TO_32_BIT_CONVERSION = YES;
				GCC_WARN_ABOUT_RETURN_TYPE = YES_ERROR;
				GCC_WARN_UNDECLARED_SELECTOR = YES;
				GCC_WARN_UNINITIALIZED_AUTOS = YES_AGGRESSIVE;
				GCC_WARN_UNUSED_FUNCTION = YES;
				GCC_WARN_UNUSED_VARIABLE = YES;
				IPHONEOS_DEPLOYMENT_TARGET = 16.4;
				MTL_ENABLE_DEBUG_INFO = NO;
				MTL_FAST_MATH = YES;
				SDKROOT = iphoneos;
				SWIFT_COMPILATION_MODE = wholemodule;
				SWIFT_OPTIMIZATION_LEVEL = "-O";
				VALIDATE_PRODUCT = YES;
			};
			name = Release;
		};
		3D75F7792A402D04000A0AAE /* Debug */ = {
			isa = XCBuildConfiguration;
			buildSettings = {
				ASSETCATALOG_COMPILER_APPICON_NAME = AppIcon;
				ASSETCATALOG_COMPILER_GLOBAL_ACCENT_COLOR_NAME = AccentColor;
				CODE_SIGN_STYLE = Automatic;
				CURRENT_PROJECT_VERSION = 1;
				DEVELOPMENT_ASSET_PATHS = "\"Scrumdinger/Preview Content\"";
				DEVELOPMENT_TEAM = G7X65ZSJ3J;
				ENABLE_PREVIEWS = YES;
				GENERATE_INFOPLIST_FILE = YES;
				INFOPLIST_KEY_UIApplicationSceneManifest_Generation = YES;
				INFOPLIST_KEY_UIApplicationSupportsIndirectInputEvents = YES;
				INFOPLIST_KEY_UILaunchScreen_Generation = YES;
				INFOPLIST_KEY_UISupportedInterfaceOrientations_iPad = "UIInterfaceOrientationPortrait UIInterfaceOrientationPortraitUpsideDown UIInterfaceOrientationLandscapeLeft UIInterfaceOrientationLandscapeRight";
				INFOPLIST_KEY_UISupportedInterfaceOrientations_iPhone = "UIInterfaceOrientationPortrait UIInterfaceOrientationLandscapeLeft UIInterfaceOrientationLandscapeRight";
				LD_RUNPATH_SEARCH_PATHS = (
					"$(inherited)",
					"@executable_path/Frameworks",
				);
				MARKETING_VERSION = 1.0;
				PRODUCT_BUNDLE_IDENTIFIER = seunggyun.Scrumdinger;
				PRODUCT_NAME = "$(TARGET_NAME)";
				SWIFT_EMIT_LOC_STRINGS = YES;
				SWIFT_VERSION = 5.0;
				TARGETED_DEVICE_FAMILY = "1,2";
			};
			name = Debug;
		};
		3D75F77A2A402D04000A0AAE /* Release */ = {
			isa = XCBuildConfiguration;
			buildSettings = {
				ASSETCATALOG_COMPILER_APPICON_NAME = AppIcon;
				ASSETCATALOG_COMPILER_GLOBAL_ACCENT_COLOR_NAME = AccentColor;
				CODE_SIGN_STYLE = Automatic;
				CURRENT_PROJECT_VERSION = 1;
				DEVELOPMENT_ASSET_PATHS = "\"Scrumdinger/Preview Content\"";
				DEVELOPMENT_TEAM = G7X65ZSJ3J;
				ENABLE_PREVIEWS = YES;
				GENERATE_INFOPLIST_FILE = YES;
				INFOPLIST_KEY_UIApplicationSceneManifest_Generation = YES;
				INFOPLIST_KEY_UIApplicationSupportsIndirectInputEvents = YES;
				INFOPLIST_KEY_UILaunchScreen_Generation = YES;
				INFOPLIST_KEY_UISupportedInterfaceOrientations_iPad = "UIInterfaceOrientationPortrait UIInterfaceOrientationPortraitUpsideDown UIInterfaceOrientationLandscapeLeft UIInterfaceOrientationLandscapeRight";
				INFOPLIST_KEY_UISupportedInterfaceOrientations_iPhone = "UIInterfaceOrientationPortrait UIInterfaceOrientationLandscapeLeft UIInterfaceOrientationLandscapeRight";
				LD_RUNPATH_SEARCH_PATHS = (
					"$(inherited)",
					"@executable_path/Frameworks",
				);
				MARKETING_VERSION = 1.0;
				PRODUCT_BUNDLE_IDENTIFIER = seunggyun.Scrumdinger;
				PRODUCT_NAME = "$(TARGET_NAME)";
				SWIFT_EMIT_LOC_STRINGS = YES;
				SWIFT_VERSION = 5.0;
				TARGETED_DEVICE_FAMILY = "1,2";
			};
			name = Release;
		};
/* End XCBuildConfiguration section */

/* Begin XCConfigurationList section */
		3D75F7652A402D03000A0AAE /* Build configuration list for PBXProject "Scrumdinger" */ = {
			isa = XCConfigurationList;
			buildConfigurations = (
				3D75F7762A402D04000A0AAE /* Debug */,
				3D75F7772A402D04000A0AAE /* Release */,
			);
			defaultConfigurationIsVisible = 0;
			defaultConfigurationName = Release;
		};
		3D75F7782A402D04000A0AAE /* Build configuration list for PBXNativeTarget "Scrumdinger" */ = {
			isa = XCConfigurationList;
			buildConfigurations = (
				3D75F7792A402D04000A0AAE /* Debug */,
				3D75F77A2A402D04000A0AAE /* Release */,
			);
			defaultConfigurationIsVisible = 0;
			defaultConfigurationName = Release;
		};
/* End XCConfigurationList section */
	};
	rootObject = 3D75F7622A402D03000A0AAE /* Project object */;
}
